
Microsoft Visual Studio Solution File, Format Version 12.00
# Visual Studio Version 17
VisualStudioVersion = 17.14.36221.1 d17.14
MinimumVisualStudioVersion = 10.0.40219.1
Project("{FAE04EC0-301F-11D3-BF4B-00C04F79EFBC}") = "OrderApi.Domain", "OrderApi.Domain\OrderApi.Domain.csproj", "{5B1C6864-9950-481C-BCA6-41727EF13E25}"
EndProject
Project("{FAE04EC0-301F-11D3-BF4B-00C04F79EFBC}") = "OrderApi.Application", "OrderApi.Application\OrderApi.Application.csproj", "{5B6061E3-F840-4699-BA9F-AB29FD00F03A}"
EndProject
Project("{FAE04EC0-301F-11D3-BF4B-00C04F79EFBC}") = "OrderApi.Infrastructure", "OrderApi.Infrastructure\OrderApi.Infrastructure.csproj", "{9C21AD13-94FD-422D-A30E-22C2E90260C6}"
EndProject
Project("{FAE04EC0-301F-11D3-BF4B-00C04F79EFBC}") = "OrderApi.Presetation", "OrderApi.Presetation\OrderApi.Presetation.csproj", "{4D48C1AC-7EB5-4277-A9D6-654026129486}"
EndProject
Project("{FAE04EC0-301F-11D3-BF4B-00C04F79EFBC}") = "eCommerce.SharedLibrary", "..\DemoECommerce.SharedLibrarySolution\eCommerce.SharedLibrary\eCommerce.SharedLibrary.csproj", "{037A0280-0D01-FF6F-6210-90E1ECB2528E}"
EndProject
Global
	GlobalSection(SolutionConfigurationPlatforms) = preSolution
		Debug|Any CPU = Debug|Any CPU
		Release|Any CPU = Release|Any CPU
	EndGlobalSection
	GlobalSection(ProjectConfigurationPlatforms) = postSolution
		{5B1C6864-9950-481C-BCA6-41727EF13E25}.Debug|Any CPU.ActiveCfg = Debug|Any CPU
		{5B1C6864-9950-481C-BCA6-41727EF13E25}.Debug|Any CPU.Build.0 = Debug|Any CPU
		{5B1C6864-9950-481C-BCA6-41727EF13E25}.Release|Any CPU.ActiveCfg = Release|Any CPU
		{5B1C6864-9950-481C-BCA6-41727EF13E25}.Release|Any CPU.Build.0 = Release|Any CPU
		{5B6061E3-F840-4699-BA9F-AB29FD00F03A}.Debug|Any CPU.ActiveCfg = Debug|Any CPU
		{5B6061E3-F840-4699-BA9F-AB29FD00F03A}.Debug|Any CPU.Build.0 = Debug|Any CPU
		{5B6061E3-F840-4699-BA9F-AB29FD00F03A}.Release|Any CPU.ActiveCfg = Release|Any CPU
		{5B6061E3-F840-4699-BA9F-AB29FD00F03A}.Release|Any CPU.Build.0 = Release|Any CPU
		{9C21AD13-94FD-422D-A30E-22C2E90260C6}.Debug|Any CPU.ActiveCfg = Debug|Any CPU
		{9C21AD13-94FD-422D-A30E-22C2E90260C6}.Debug|Any CPU.Build.0 = Debug|Any CPU
		{9C21AD13-94FD-422D-A30E-22C2E90260C6}.Release|Any CPU.ActiveCfg = Release|Any CPU
		{9C21AD13-94FD-422D-A30E-22C2E90260C6}.Release|Any CPU.Build.0 = Release|Any CPU
		{4D48C1AC-7EB5-4277-A9D6-654026129486}.Debug|Any CPU.ActiveCfg = Debug|Any CPU
		{4D48C1AC-7EB5-4277-A9D6-654026129486}.Debug|Any CPU.Build.0 = Debug|Any CPU
		{4D48C1AC-7EB5-4277-A9D6-654026129486}.Release|Any CPU.ActiveCfg = Release|Any CPU
		{4D48C1AC-7EB5-4277-A9D6-654026129486}.Release|Any CPU.Build.0 = Release|Any CPU
		{037A0280-0D01-FF6F-6210-90E1ECB2528E}.Debug|Any CPU.ActiveCfg = Debug|Any CPU
		{037A0280-0D01-FF6F-6210-90E1ECB2528E}.Debug|Any CPU.Build.0 = Debug|Any CPU
		{037A0280-0D01-FF6F-6210-90E1ECB2528E}.Release|Any CPU.ActiveCfg = Release|Any CPU
		{037A0280-0D01-FF6F-6210-90E1ECB2528E}.Release|Any CPU.Build.0 = Release|Any CPU
	EndGlobalSection
	GlobalSection(SolutionProperties) = preSolution
		HideSolutionNode = FALSE
	EndGlobalSection
	GlobalSection(ExtensibilityGlobals) = postSolution
		SolutionGuid = {C3FDD460-67AB-480D-BF9E-4753E5A481E7}
	EndGlobalSection
EndGlobal
