
Microsoft Visual Studio Solution File, Format Version 12.00
# Visual Studio Version 17
VisualStudioVersion = 17.14.36401.2 d17.14
MinimumVisualStudioVersion = 10.0.40219.1
Project("{FAE04EC0-301F-11D3-BF4B-00C04F79EFBC}") = "AuthenticationApi.Domain", "AuthenticationApi.Domain\AuthenticationApi.Domain.csproj", "{2FB2CF72-2A87-4917-9CA1-3E06547985F9}"
EndProject
Project("{FAE04EC0-301F-11D3-BF4B-00C04F79EFBC}") = "AuthenticationApi.Application", "AuthenticationApi.Application\AuthenticationApi.Application.csproj", "{6EFBE848-191C-4A22-A28B-BF449F8ED3EE}"
EndProject
Project("{FAE04EC0-301F-11D3-BF4B-00C04F79EFBC}") = "AuthenticationApi.Infrastructure", "AuthenticationApi.Infrastructure\AuthenticationApi.Infrastructure.csproj", "{DBD37FD3-B6B7-4578-ACFB-2E9E07E95895}"
EndProject
Project("{FAE04EC0-301F-11D3-BF4B-00C04F79EFBC}") = "AuthenticationApi.Presentation", "AuthenticationApi.Presentation\AuthenticationApi.Presentation.csproj", "{D8987AA3-F68C-4E2B-854B-178047F7561F}"
EndProject
Project("{FAE04EC0-301F-11D3-BF4B-00C04F79EFBC}") = "eCommerce.SharedLibrary", "..\..\E-Comm\E-Com\DemoECommerce.SharedLibrarySolution\eCommerce.SharedLibrary\eCommerce.SharedLibrary.csproj", "{866E17F9-8F57-0A90-D29B-54B9B936EEA3}"
EndProject
Global
	GlobalSection(SolutionConfigurationPlatforms) = preSolution
		Debug|Any CPU = Debug|Any CPU
		Release|Any CPU = Release|Any CPU
	EndGlobalSection
	GlobalSection(ProjectConfigurationPlatforms) = postSolution
		{2FB2CF72-2A87-4917-9CA1-3E06547985F9}.Debug|Any CPU.ActiveCfg = Debug|Any CPU
		{2FB2CF72-2A87-4917-9CA1-3E06547985F9}.Debug|Any CPU.Build.0 = Debug|Any CPU
		{2FB2CF72-2A87-4917-9CA1-3E06547985F9}.Release|Any CPU.ActiveCfg = Release|Any CPU
		{2FB2CF72-2A87-4917-9CA1-3E06547985F9}.Release|Any CPU.Build.0 = Release|Any CPU
		{6EFBE848-191C-4A22-A28B-BF449F8ED3EE}.Debug|Any CPU.ActiveCfg = Debug|Any CPU
		{6EFBE848-191C-4A22-A28B-BF449F8ED3EE}.Debug|Any CPU.Build.0 = Debug|Any CPU
		{6EFBE848-191C-4A22-A28B-BF449F8ED3EE}.Release|Any CPU.ActiveCfg = Release|Any CPU
		{6EFBE848-191C-4A22-A28B-BF449F8ED3EE}.Release|Any CPU.Build.0 = Release|Any CPU
		{DBD37FD3-B6B7-4578-ACFB-2E9E07E95895}.Debug|Any CPU.ActiveCfg = Debug|Any CPU
		{DBD37FD3-B6B7-4578-ACFB-2E9E07E95895}.Debug|Any CPU.Build.0 = Debug|Any CPU
		{DBD37FD3-B6B7-4578-ACFB-2E9E07E95895}.Release|Any CPU.ActiveCfg = Release|Any CPU
		{DBD37FD3-B6B7-4578-ACFB-2E9E07E95895}.Release|Any CPU.Build.0 = Release|Any CPU
		{D8987AA3-F68C-4E2B-854B-178047F7561F}.Debug|Any CPU.ActiveCfg = Debug|Any CPU
		{D8987AA3-F68C-4E2B-854B-178047F7561F}.Debug|Any CPU.Build.0 = Debug|Any CPU
		{D8987AA3-F68C-4E2B-854B-178047F7561F}.Release|Any CPU.ActiveCfg = Release|Any CPU
		{D8987AA3-F68C-4E2B-854B-178047F7561F}.Release|Any CPU.Build.0 = Release|Any CPU
		{866E17F9-8F57-0A90-D29B-54B9B936EEA3}.Debug|Any CPU.ActiveCfg = Debug|Any CPU
		{866E17F9-8F57-0A90-D29B-54B9B936EEA3}.Debug|Any CPU.Build.0 = Debug|Any CPU
		{866E17F9-8F57-0A90-D29B-54B9B936EEA3}.Release|Any CPU.ActiveCfg = Release|Any CPU
		{866E17F9-8F57-0A90-D29B-54B9B936EEA3}.Release|Any CPU.Build.0 = Release|Any CPU
	EndGlobalSection
	GlobalSection(SolutionProperties) = preSolution
		HideSolutionNode = FALSE
	EndGlobalSection
	GlobalSection(ExtensibilityGlobals) = postSolution
		SolutionGuid = {BECAFDCE-D5B7-478D-85F9-286FF553197F}
	EndGlobalSection
EndGlobal
